
Microsoft Visual Studio Solution File, Format Version 12.00
# Visual Studio Version 17
VisualStudioVersion = 17.9.34902.65
MinimumVisualStudioVersion = 10.0.40219.1
Project("{FAE04EC0-301F-11D3-BF4B-00C04F79EFBC}") = "StudentAdmissionManagement", "StudentAdmissionManagement\StudentAdmissionManagement.csproj", "{4B4E25C8-2DAE-4E64-A953-9FE622E281A1}"
EndProject
Project("{FAE04EC0-301F-11D3-BF4B-00C04F79EFBC}") = "StudentAttendanceManagement", "StudentAttendanceManagement\StudentAttendanceManagement.csproj", "{29D7DA9F-BD8D-4ABE-857A-09CA9A0B6B2A}"
EndProject
Project("{FAE04EC0-301F-11D3-BF4B-00C04F79EFBC}") = "SchoolAPIGateway", "SchoolAPIGateway\SchoolAPIGateway.csproj", "{4E6670A0-28D4-43A4-A7C4-F96B08FCF9E3}"
EndProject
Global
	GlobalSection(SolutionConfigurationPlatforms) = preSolution
		Debug|Any CPU = Debug|Any CPU
		Release|Any CPU = Release|Any CPU
	EndGlobalSection
	GlobalSection(ProjectConfigurationPlatforms) = postSolution
		{4B4E25C8-2DAE-4E64-A953-9FE622E281A1}.Debug|Any CPU.ActiveCfg = Debug|Any CPU
		{4B4E25C8-2DAE-4E64-A953-9FE622E281A1}.Debug|Any CPU.Build.0 = Debug|Any CPU
		{4B4E25C8-2DAE-4E64-A953-9FE622E281A1}.Release|Any CPU.ActiveCfg = Release|Any CPU
		{4B4E25C8-2DAE-4E64-A953-9FE622E281A1}.Release|Any CPU.Build.0 = Release|Any CPU
		{29D7DA9F-BD8D-4ABE-857A-09CA9A0B6B2A}.Debug|Any CPU.ActiveCfg = Debug|Any CPU
		{29D7DA9F-BD8D-4ABE-857A-09CA9A0B6B2A}.Debug|Any CPU.Build.0 = Debug|Any CPU
		{29D7DA9F-BD8D-4ABE-857A-09CA9A0B6B2A}.Release|Any CPU.ActiveCfg = Release|Any CPU
		{29D7DA9F-BD8D-4ABE-857A-09CA9A0B6B2A}.Release|Any CPU.Build.0 = Release|Any CPU
		{4E6670A0-28D4-43A4-A7C4-F96B08FCF9E3}.Debug|Any CPU.ActiveCfg = Debug|Any CPU
		{4E6670A0-28D4-43A4-A7C4-F96B08FCF9E3}.Debug|Any CPU.Build.0 = Debug|Any CPU
		{4E6670A0-28D4-43A4-A7C4-F96B08FCF9E3}.Release|Any CPU.ActiveCfg = Release|Any CPU
		{4E6670A0-28D4-43A4-A7C4-F96B08FCF9E3}.Release|Any CPU.Build.0 = Release|Any CPU
	EndGlobalSection
	GlobalSection(SolutionProperties) = preSolution
		HideSolutionNode = FALSE
	EndGlobalSection
	GlobalSection(ExtensibilityGlobals) = postSolution
		SolutionGuid = {7DEEBF00-33A1-4020-8AA9-52C5FA10B06B}
	EndGlobalSection
EndGlobal
